
Microsoft Visual Studio Solution File, Format Version 12.00
# Visual Studio Version 17
VisualStudioVersion = 17.5.002.0
MinimumVisualStudioVersion = 10.0.40219.1
Project("{9A19103F-16F7-4668-BE54-9A1E7A4F7556}") = "LoginApp", "LoginApp.csproj", "{3BCDD36F-AEAC-48BC-9F03-8EDDDFD7E74B}"
EndProject
Global
	GlobalSection(SolutionConfigurationPlatforms) = preSolution
		Debug|Any CPU = Debug|Any CPU
		Release|Any CPU = Release|Any CPU
	EndGlobalSection
	GlobalSection(ProjectConfigurationPlatforms) = postSolution
		{3BCDD36F-AEAC-48BC-9F03-8EDDDFD7E74B}.Debug|Any CPU.ActiveCfg = Debug|Any CPU
		{3BCDD36F-AEAC-48BC-9F03-8EDDDFD7E74B}.Debug|Any CPU.Build.0 = Debug|Any CPU
		{3BCDD36F-AEAC-48BC-9F03-8EDDDFD7E74B}.Release|Any CPU.ActiveCfg = Release|Any CPU
		{3BCDD36F-AEAC-48BC-9F03-8EDDDFD7E74B}.Release|Any CPU.Build.0 = Release|Any CPU
	EndGlobalSection
	GlobalSection(SolutionProperties) = preSolution
		HideSolutionNode = FALSE
	EndGlobalSection
	GlobalSection(ExtensibilityGlobals) = postSolution
		SolutionGuid = {4430B614-E2C6-43D3-BEE1-E4D1E0DF218A}
	EndGlobalSection
EndGlobal
